
Microsoft Visual Studio Solution File, Format Version 12.00
# Visual Studio Version 17
VisualStudioVersion = 17.14.36327.8 d17.14
MinimumVisualStudioVersion = 10.0.40219.1
Project("{FAE04EC0-301F-11D3-BF4B-00C04F79EFBC}") = "MegaQRWeb", "MegaQRWeb.csproj", "{4FAEF125-1493-43DC-9F08-0A466A531BE8}"
EndProject
Global
	GlobalSection(SolutionConfigurationPlatforms) = preSolution
		Debug|Any CPU = Debug|Any CPU
		Release|Any CPU = Release|Any CPU
	EndGlobalSection
	GlobalSection(ProjectConfigurationPlatforms) = postSolution
		{4FAEF125-1493-43DC-9F08-0A466A531BE8}.Debug|Any CPU.ActiveCfg = Debug|Any CPU
		{4FAEF125-1493-43DC-9F08-0A466A531BE8}.Debug|Any CPU.Build.0 = Debug|Any CPU
		{4FAEF125-1493-43DC-9F08-0A466A531BE8}.Release|Any CPU.ActiveCfg = Release|Any CPU
		{4FAEF125-1493-43DC-9F08-0A466A531BE8}.Release|Any CPU.Build.0 = Release|Any CPU
	EndGlobalSection
	GlobalSection(SolutionProperties) = preSolution
		HideSolutionNode = FALSE
	EndGlobalSection
	GlobalSection(ExtensibilityGlobals) = postSolution
		SolutionGuid = {938E12BF-CED9-4086-BB92-CC57AB69293E}
	EndGlobalSection
EndGlobal
